Microsoft Visual Studio Solution File, Format Version 12.00
# Visual Studio Version 17
VisualStudioVersion = 17.5.2.0
MinimumVisualStudioVersion = 10.0.40219.1
Project("{FAE04EC0-301F-11D3-BF4B-00C04F79EFBC}") = "PunchInSystem.API", "PunchInSystem.API.csproj", "{C8A13E75-EE41-B44C-278B-428776AE3CED}"
EndProject
Global
	GlobalSection(SolutionConfigurationPlatforms) = preSolution
		Debug|Any CPU = Debug|Any CPU
		Release|Any CPU = Release|Any CPU
	EndGlobalSection
	GlobalSection(ProjectConfigurationPlatforms) = postSolution
		{C8A13E75-EE41-B44C-278B-428776AE3CED}.Debug|Any CPU.ActiveCfg = Debug|Any CPU
		{C8A13E75-EE41-B44C-278B-428776AE3CED}.Debug|Any CPU.Build.0 = Debug|Any CPU
		{C8A13E75-EE41-B44C-278B-428776AE3CED}.Release|Any CPU.ActiveCfg = Release|Any CPU
		{C8A13E75-EE41-B44C-278B-428776AE3CED}.Release|Any CPU.Build.0 = Release|Any CPU
	EndGlobalSection
	GlobalSection(SolutionProperties) = preSolution
		HideSolutionNode = FALSE
	EndGlobalSection
	GlobalSection(ExtensibilityGlobals) = postSolution
		SolutionGuid = {233E9A59-D766-43C4-99AF-D1F963AEAADF}
	EndGlobalSection
EndGlobal
